// !$*UTF8*$!
{
	archiveVersion = 1;
	classes = {
	};
	objectVersion = 45;
	objects = {

/* Begin PBXBuildFile section */
		1D3623260D0F684500981E51 /* JigsawAppDelegate.mm in Sources */ = {isa = PBXBuildFile; fileRef = 1D3623250D0F684500981E51 /* JigsawAppDelegate.mm */; };
		1D60589B0D05DD56006BFB54 /* main.m in Sources */ = {isa = PBXBuildFile; fileRef = 29B97316FDCFA39411CA2CEA /* main.m */; };
		1D60589F0D05DD5A006BFB54 /* Foundation.framework in Frameworks */ = {isa = PBXBuildFile; fileRef = 1D30AB110D05D00D00671497 /* Foundation.framework */; };
		1DF5F4E00D08C38300B7A737 /* UIKit.framework in Frameworks */ = {isa = PBXBuildFile; fileRef = 1DF5F4DF0D08C38300B7A737 /* UIKit.framework */; };
		2512F586115479C60088EB80 /* Splash.mm in Sources */ = {isa = PBXBuildFile; fileRef = 2512F585115479C60088EB80 /* Splash.mm */; };
		2512F58C1154877C0088EB80 /* Blank.mm in Sources */ = {isa = PBXBuildFile; fileRef = 2512F58B1154877C0088EB80 /* Blank.mm */; };
		2512F58F115489390088EB80 /* FadeIn.mm in Sources */ = {isa = PBXBuildFile; fileRef = 2512F58E115489390088EB80 /* FadeIn.mm */; };
		2512F67D1154AD6A0088EB80 /* Renderable.m in Resources */ = {isa = PBXBuildFile; fileRef = 2512F67C1154AD6A0088EB80 /* Renderable.m */; };
		2512F6A01154B1F80088EB80 /* Renderable.m in Sources */ = {isa = PBXBuildFile; fileRef = 2512F67C1154AD6A0088EB80 /* Renderable.m */; };
		2512F7331154B39D0088EB80 /* splashTexture.png in Resources */ = {isa = PBXBuildFile; fileRef = 2512F7321154B39D0088EB80 /* splashTexture.png */; };
		2522726E10CC97B8008BA46D /* RenzoUtil.cpp in Sources */ = {isa = PBXBuildFile; fileRef = 2522726D10CC97B8008BA46D /* RenzoUtil.cpp */; };
		252B79CA1153CEBC004ECC30 /* Jigsaw.txt in Resources */ = {isa = PBXBuildFile; fileRef = 252B79C91153CEBC004ECC30 /* Jigsaw.txt */; };
		2535BA2C103C4A4400323C7A /* CurveType.m in Sources */ = {isa = PBXBuildFile; fileRef = 2535BA2B103C4A4400323C7A /* CurveType.m */; };
		256781C3106E4AF600BFCE26 /* TextureManager.m in Sources */ = {isa = PBXBuildFile; fileRef = 256781C2106E4AF600BFCE26 /* TextureManager.m */; };
		256781C6106E5FE300BFCE26 /* ImageLoader.m in Sources */ = {isa = PBXBuildFile; fileRef = 256781C5106E5FE300BFCE26 /* ImageLoader.m */; };
		257BB38B10259777004B6DFA /* About.png in Resources */ = {isa = PBXBuildFile; fileRef = 257BB38810259777004B6DFA /* About.png */; };
		257BB38C10259777004B6DFA /* Board.png in Resources */ = {isa = PBXBuildFile; fileRef = 257BB38910259777004B6DFA /* Board.png */; };
		257BB38D10259777004B6DFA /* Option.png in Resources */ = {isa = PBXBuildFile; fileRef = 257BB38A10259777004B6DFA /* Option.png */; };
		258BBF0D1089C01C00069433 /* manutd512.png in Resources */ = {isa = PBXBuildFile; fileRef = 258BBF0C1089C01C00069433 /* manutd512.png */; };
		258BBF3A1089C1B900069433 /* RenzoTimer.cpp in Sources */ = {isa = PBXBuildFile; fileRef = 258BBF391089C1B900069433 /* RenzoTimer.cpp */; };
		25953417111CD2F500DC48A6 /* Jigsaw01.png in Resources */ = {isa = PBXBuildFile; fileRef = 259533FA111CD2F500DC48A6 /* Jigsaw01.png */; };
		25953418111CD2F500DC48A6 /* Jigsaw02.png in Resources */ = {isa = PBXBuildFile; fileRef = 259533FB111CD2F500DC48A6 /* Jigsaw02.png */; };
		25953419111CD2F500DC48A6 /* Jigsaw03.png in Resources */ = {isa = PBXBuildFile; fileRef = 259533FC111CD2F500DC48A6 /* Jigsaw03.png */; };
		2595341A111CD2F500DC48A6 /* Jigsaw04.png in Resources */ = {isa = PBXBuildFile; fileRef = 259533FD111CD2F500DC48A6 /* Jigsaw04.png */; };
		2595341B111CD2F500DC48A6 /* Jigsaw05.png in Resources */ = {isa = PBXBuildFile; fileRef = 259533FE111CD2F500DC48A6 /* Jigsaw05.png */; };
		2595341C111CD2F500DC48A6 /* Jigsaw06.png in Resources */ = {isa = PBXBuildFile; fileRef = 259533FF111CD2F500DC48A6 /* Jigsaw06.png */; };
		2595341D111CD2F500DC48A6 /* Jigsaw07.png in Resources */ = {isa = PBXBuildFile; fileRef = 25953400111CD2F500DC48A6 /* Jigsaw07.png */; };
		2595341E111CD2F500DC48A6 /* Jigsaw08.png in Resources */ = {isa = PBXBuildFile; fileRef = 25953401111CD2F500DC48A6 /* Jigsaw08.png */; };
		2595341F111CD2F500DC48A6 /* Jigsaw09.png in Resources */ = {isa = PBXBuildFile; fileRef = 25953402111CD2F500DC48A6 /* Jigsaw09.png */; };
		25953420111CD2F500DC48A6 /* Jigsaw10.png in Resources */ = {isa = PBXBuildFile; fileRef = 25953403111CD2F500DC48A6 /* Jigsaw10.png */; };
		25953421111CD2F500DC48A6 /* Jigsaw12.png in Resources */ = {isa = PBXBuildFile; fileRef = 25953404111CD2F500DC48A6 /* Jigsaw12.png */; };
		25953422111CD2F500DC48A6 /* Jigsaw13.png in Resources */ = {isa = PBXBuildFile; fileRef = 25953405111CD2F500DC48A6 /* Jigsaw13.png */; };
		25953423111CD2F500DC48A6 /* Jigsaw14.png in Resources */ = {isa = PBXBuildFile; fileRef = 25953406111CD2F500DC48A6 /* Jigsaw14.png */; };
		25953424111CD2F500DC48A6 /* Jigsaw15.png in Resources */ = {isa = PBXBuildFile; fileRef = 25953407111CD2F500DC48A6 /* Jigsaw15.png */; };
		25953425111CD2F500DC48A6 /* Jigsaw16.png in Resources */ = {isa = PBXBuildFile; fileRef = 25953408111CD2F500DC48A6 /* Jigsaw16.png */; };
		25953426111CD2F500DC48A6 /* Jigsaw17.png in Resources */ = {isa = PBXBuildFile; fileRef = 25953409111CD2F500DC48A6 /* Jigsaw17.png */; };
		25953427111CD2F500DC48A6 /* Jigsaw18.png in Resources */ = {isa = PBXBuildFile; fileRef = 2595340A111CD2F500DC48A6 /* Jigsaw18.png */; };
		25953428111CD2F500DC48A6 /* Jigsaw19.png in Resources */ = {isa = PBXBuildFile; fileRef = 2595340B111CD2F500DC48A6 /* Jigsaw19.png */; };
		25953429111CD2F500DC48A6 /* Jigsaw22.png in Resources */ = {isa = PBXBuildFile; fileRef = 2595340C111CD2F500DC48A6 /* Jigsaw22.png */; };
		2595342A111CD2F500DC48A6 /* Jigsaw23.png in Resources */ = {isa = PBXBuildFile; fileRef = 2595340D111CD2F500DC48A6 /* Jigsaw23.png */; };
		2595342B111CD2F500DC48A6 /* Jigsaw25.png in Resources */ = {isa = PBXBuildFile; fileRef = 2595340E111CD2F500DC48A6 /* Jigsaw25.png */; };
		2595342C111CD2F500DC48A6 /* Jigsaw26.png in Resources */ = {isa = PBXBuildFile; fileRef = 2595340F111CD2F500DC48A6 /* Jigsaw26.png */; };
		2595342D111CD2F500DC48A6 /* Jigsaw27.png in Resources */ = {isa = PBXBuildFile; fileRef = 25953410111CD2F500DC48A6 /* Jigsaw27.png */; };
		2595342E111CD2F500DC48A6 /* Jigsaw28.png in Resources */ = {isa = PBXBuildFile; fileRef = 25953411111CD2F500DC48A6 /* Jigsaw28.png */; };
		2595342F111CD2F500DC48A6 /* Jigsaw29.png in Resources */ = {isa = PBXBuildFile; fileRef = 25953412111CD2F500DC48A6 /* Jigsaw29.png */; };
		25953430111CD2F500DC48A6 /* Jigsaw30.png in Resources */ = {isa = PBXBuildFile; fileRef = 25953413111CD2F500DC48A6 /* Jigsaw30.png */; };
		25953431111CD2F500DC48A6 /* Jigsaw31.png in Resources */ = {isa = PBXBuildFile; fileRef = 25953414111CD2F500DC48A6 /* Jigsaw31.png */; };
		25953432111CD2F500DC48A6 /* Jigsaw32.png in Resources */ = {isa = PBXBuildFile; fileRef = 25953415111CD2F500DC48A6 /* Jigsaw32.png */; };
		25A1032C1154B83A00E6906E /* FadeOut.mm in Sources */ = {isa = PBXBuildFile; fileRef = 25A1032B1154B83A00E6906E /* FadeOut.mm */; };
		25A9C405102B259D00B3FFC0 /* PieceMesh.m in Sources */ = {isa = PBXBuildFile; fileRef = 25A9C404102B259D00B3FFC0 /* PieceMesh.m */; };
		25A9C40B102B272A00B3FFC0 /* PieceMeshFactory.m in Sources */ = {isa = PBXBuildFile; fileRef = 25A9C40A102B272A00B3FFC0 /* PieceMeshFactory.m */; };
		25A9C45C102D36B600B3FFC0 /* Geometry.c in Sources */ = {isa = PBXBuildFile; fileRef = 25A9C45B102D36B600B3FFC0 /* Geometry.c */; };
		25A9C465102D395100B3FFC0 /* curve01.crv in Resources */ = {isa = PBXBuildFile; fileRef = 25A9C464102D395100B3FFC0 /* curve01.crv */; };
		25A9C46B102D3B0C00B3FFC0 /* Float3.m in Sources */ = {isa = PBXBuildFile; fileRef = 25A9C46A102D3B0C00B3FFC0 /* Float3.m */; };
		25BF6B87102437BD003BFE21 /* Curve.m in Sources */ = {isa = PBXBuildFile; fileRef = 25BF6B86102437BD003BFE21 /* Curve.m */; };
		25CF85DE10896E5800A928C0 /* Jigsaw.mm in Sources */ = {isa = PBXBuildFile; fileRef = 25CF85DD10896E5800A928C0 /* Jigsaw.mm */; };
		25CF85E11089715E00A928C0 /* Piece.m in Sources */ = {isa = PBXBuildFile; fileRef = 25CF85E01089715E00A928C0 /* Piece.m */; };
		25CF8645108974FB00A928C0 /* Board.mm in Sources */ = {isa = PBXBuildFile; fileRef = 25CF8644108974FB00A928C0 /* Board.mm */; };
		25D68B5811512B87002552AC /* curve02.crv in Resources */ = {isa = PBXBuildFile; fileRef = 25D68B5611512B87002552AC /* curve02.crv */; };
		25D68B8F11512E72002552AC /* curve03.crv in Resources */ = {isa = PBXBuildFile; fileRef = 25D68B8E11512E72002552AC /* curve03.crv */; };
		25D68BAC1151319E002552AC /* curve04.crv in Resources */ = {isa = PBXBuildFile; fileRef = 25D68BAB1151319E002552AC /* curve04.crv */; };
		25EBB926102451760039D4EE /* GLView.xib in Resources */ = {isa = PBXBuildFile; fileRef = 25EBB925102451760039D4EE /* GLView.xib */; };
		25EBB9C9102457980039D4EE /* AboutTableController.m in Sources */ = {isa = PBXBuildFile; fileRef = 25EBB9BE102457980039D4EE /* AboutTableController.m */; };
		25EBB9CA102457980039D4EE /* MainTabController.m in Sources */ = {isa = PBXBuildFile; fileRef = 25EBB9C0102457980039D4EE /* MainTabController.m */; };
		25EBB9CD102457980039D4EE /* OptionTableController.m in Sources */ = {isa = PBXBuildFile; fileRef = 25EBB9C6102457980039D4EE /* OptionTableController.m */; };
		25EBB9EF102459360039D4EE /* CoreGraphics.framework in Frameworks */ = {isa = PBXBuildFile; fileRef = 25EBB9EE102459360039D4EE /* CoreGraphics.framework */; };
		25EBBADE10249CA60039D4EE /* GameTableController.m in Sources */ = {isa = PBXBuildFile; fileRef = 25EBBADD10249CA60039D4EE /* GameTableController.m */; };
		25EBBD39102556760039D4EE /* WindowsManager.m in Sources */ = {isa = PBXBuildFile; fileRef = 25EBBD38102556760039D4EE /* WindowsManager.m */; };
		25F4892111522BC700360695 /* buttons.png in Resources */ = {isa = PBXBuildFile; fileRef = 25F4892011522BC700360695 /* buttons.png */; };
		25F48B351152636900360695 /* Texture2D.m in Sources */ = {isa = PBXBuildFile; fileRef = 25F48B341152636900360695 /* Texture2D.m */; };
		28AD733F0D9D9553002E5188 /* MainWindow.xib in Resources */ = {isa = PBXBuildFile; fileRef = 28AD733E0D9D9553002E5188 /* MainWindow.xib */; };
		28FD14FE0DC6FC130079059D /* EAGLView.mm in Sources */ = {isa = PBXBuildFile; fileRef = 28FD14FD0DC6FC130079059D /* EAGLView.mm */; };
		28FD15000DC6FC520079059D /* OpenGLES.framework in Frameworks */ = {isa = PBXBuildFile; fileRef = 28FD14FF0DC6FC520079059D /* OpenGLES.framework */; };
		28FD15080DC6FC5B0079059D /* QuartzCore.framework in Frameworks */ = {isa = PBXBuildFile; fileRef = 28FD15070DC6FC5B0079059D /* QuartzCore.framework */; };
/* End PBXBuildFile section */

/* Begin PBXFileReference section */
		1D30AB110D05D00D00671497 /* Foundation.framework */ = {isa = PBXFileReference; lastKnownFileType = wrapper.framework; name = Foundation.framework; path = System/Library/Frameworks/Foundation.framework; sourceTree = SDKROOT; };
		1D3623240D0F684500981E51 /* JigsawAppDelegate.h */ = {isa = PBXFileReference; fileEncoding = 4; lastKnownFileType = sourcecode.c.h; path = JigsawAppDelegate.h; sourceTree = "<group>"; };
		1D3623250D0F684500981E51 /* JigsawAppDelegate.mm */ = {isa = PBXFileReference; fileEncoding = 4; lastKnownFileType = sourcecode.cpp.objcpp; path = JigsawAppDelegate.mm; sourceTree = "<group>"; };
		1D6058910D05DD3D006BFB54 /* Jigsaw.app */ = {isa = PBXFileReference; explicitFileType = wrapper.application; includeInIndex = 0; path = Jigsaw.app; sourceTree = BUILT_PRODUCTS_DIR; };
		1DF5F4DF0D08C38300B7A737 /* UIKit.framework */ = {isa = PBXFileReference; lastKnownFileType = wrapper.framework; name = UIKit.framework; path = System/Library/Frameworks/UIKit.framework; sourceTree = SDKROOT; };
		2512F584115479C60088EB80 /* Splash.h */ = {isa = PBXFileReference; fileEncoding = 4; lastKnownFileType = sourcecode.c.h; path = Splash.h; sourceTree = "<group>"; };
		2512F585115479C60088EB80 /* Splash.mm */ = {isa = PBXFileReference; fileEncoding = 4; lastKnownFileType = sourcecode.cpp.objcpp; path = Splash.mm; sourceTree = "<group>"; };
		2512F58A1154877C0088EB80 /* Blank.h */ = {isa = PBXFileReference; fileEncoding = 4; lastKnownFileType = sourcecode.c.h; path = Blank.h; sourceTree = "<group>"; };
		2512F58B1154877C0088EB80 /* Blank.mm */ = {isa = PBXFileReference; fileEncoding = 4; lastKnownFileType = sourcecode.cpp.objcpp; path = Blank.mm; sourceTree = "<group>"; };
		2512F58D115489390088EB80 /* FadeIn.h */ = {isa = PBXFileReference; fileEncoding = 4; lastKnownFileType = sourcecode.c.h; path = FadeIn.h; sourceTree = "<group>"; };
		2512F58E115489390088EB80 /* FadeIn.mm */ = {isa = PBXFileReference; fileEncoding = 4; lastKnownFileType = sourcecode.cpp.objcpp; path = FadeIn.mm; sourceTree = "<group>"; };
		2512F67C1154AD6A0088EB80 /* Renderable.m */ = {isa = PBXFileReference; fileEncoding = 4; lastKnownFileType = sourcecode.c.objc; path = Renderable.m; sourceTree = "<group>"; };
		2512F7321154B39D0088EB80 /* splashTexture.png */ = {isa = PBXFileReference; lastKnownFileType = image.png; name = splashTexture.png; path = data/icons/splashTexture.png; sourceTree = "<group>"; };
		25226FC010A328BD008BA46D /* EventJPoint.h */ = {isa = PBXFileReference; fileEncoding = 4; lastKnownFileType = sourcecode.c.h; path = EventJPoint.h; sourceTree = "<group>"; };
		2522726810CC9722008BA46D /* RenzoUtil.h */ = {isa = PBXFileReference; fileEncoding = 4; lastKnownFileType = sourcecode.c.h; path = RenzoUtil.h; sourceTree = "<group>"; };
		2522726C10CC97B8008BA46D /* RenzoUtil.h */ = {isa = PBXFileReference; fileEncoding = 4; lastKnownFileType = sourcecode.c.h; path = RenzoUtil.h; sourceTree = "<group>"; };
		2522726D10CC97B8008BA46D /* RenzoUtil.cpp */ = {isa = PBXFileReference; fileEncoding = 4; lastKnownFileType = sourcecode.cpp.cpp; path = RenzoUtil.cpp; sourceTree = "<group>"; };
		252B79C91153CEBC004ECC30 /* Jigsaw.txt */ = {isa = PBXFileReference; fileEncoding = 4; lastKnownFileType = text; name = Jigsaw.txt; path = images/Jigsaw.txt; sourceTree = "<group>"; };
		2535BA2A103C4A4400323C7A /* CurveType.h */ = {isa = PBXFileReference; fileEncoding = 4; lastKnownFileType = sourcecode.c.h; path = CurveType.h; sourceTree = "<group>"; };
		2535BA2B103C4A4400323C7A /* CurveType.m */ = {isa = PBXFileReference; fileEncoding = 4; lastKnownFileType = sourcecode.c.objc; path = CurveType.m; sourceTree = "<group>"; };
		256781C1106E4AF600BFCE26 /* TextureManager.h */ = {isa = PBXFileReference; fileEncoding = 4; lastKnownFileType = sourcecode.c.h; path = TextureManager.h; sourceTree = "<group>"; };
		256781C2106E4AF600BFCE26 /* TextureManager.m */ = {isa = PBXFileReference; fileEncoding = 4; lastKnownFileType = sourcecode.c.objc; path = TextureManager.m; sourceTree = "<group>"; };
		256781C4106E5FE300BFCE26 /* ImageLoader.h */ = {isa = PBXFileReference; fileEncoding = 4; lastKnownFileType = sourcecode.c.h; path = ImageLoader.h; sourceTree = "<group>"; };
		256781C5106E5FE300BFCE26 /* ImageLoader.m */ = {isa = PBXFileReference; fileEncoding = 4; lastKnownFileType = sourcecode.c.objc; path = ImageLoader.m; sourceTree = "<group>"; };
		257BB38810259777004B6DFA /* About.png */ = {isa = PBXFileReference; lastKnownFileType = image.png; name = About.png; path = data/icons/About.png; sourceTree = "<group>"; };
		257BB38910259777004B6DFA /* Board.png */ = {isa = PBXFileReference; lastKnownFileType = image.png; name = Board.png; path = data/icons/Board.png; sourceTree = "<group>"; };
		257BB38A10259777004B6DFA /* Option.png */ = {isa = PBXFileReference; lastKnownFileType = image.png; name = Option.png; path = data/icons/Option.png; sourceTree = "<group>"; };
		257BB3B910259B84004B6DFA /* Text.h */ = {isa = PBXFileReference; fileEncoding = 4; lastKnownFileType = sourcecode.c.h; path = Text.h; sourceTree = "<group>"; };
		258BBF0C1089C01C00069433 /* manutd512.png */ = {isa = PBXFileReference; lastKnownFileType = image.png; path = manutd512.png; sourceTree = "<group>"; };
		258BBF381089C1B900069433 /* RenzoTimer.h */ = {isa = PBXFileReference; fileEncoding = 4; lastKnownFileType = sourcecode.c.h; path = RenzoTimer.h; sourceTree = "<group>"; };
		258BBF391089C1B900069433 /* RenzoTimer.cpp */ = {isa = PBXFileReference; fileEncoding = 4; lastKnownFileType = sourcecode.cpp.cpp; path = RenzoTimer.cpp; sourceTree = "<group>"; };
		259533FA111CD2F500DC48A6 /* Jigsaw01.png */ = {isa = PBXFileReference; lastKnownFileType = image.png; name = Jigsaw01.png; path = images/Jigsaw01.png; sourceTree = "<group>"; };
		259533FB111CD2F500DC48A6 /* Jigsaw02.png */ = {isa = PBXFileReference; lastKnownFileType = image.png; name = Jigsaw02.png; path = images/Jigsaw02.png; sourceTree = "<group>"; };
		259533FC111CD2F500DC48A6 /* Jigsaw03.png */ = {isa = PBXFileReference; lastKnownFileType = image.png; name = Jigsaw03.png; path = images/Jigsaw03.png; sourceTree = "<group>"; };
		259533FD111CD2F500DC48A6 /* Jigsaw04.png */ = {isa = PBXFileReference; lastKnownFileType = image.png; name = Jigsaw04.png; path = images/Jigsaw04.png; sourceTree = "<group>"; };
		259533FE111CD2F500DC48A6 /* Jigsaw05.png */ = {isa = PBXFileReference; lastKnownFileType = image.png; name = Jigsaw05.png; path = images/Jigsaw05.png; sourceTree = "<group>"; };
		259533FF111CD2F500DC48A6 /* Jigsaw06.png */ = {isa = PBXFileReference; lastKnownFileType = image.png; name = Jigsaw06.png; path = images/Jigsaw06.png; sourceTree = "<group>"; };
		25953400111CD2F500DC48A6 /* Jigsaw07.png */ = {isa = PBXFileReference; lastKnownFileType = image.png; name = Jigsaw07.png; path = images/Jigsaw07.png; sourceTree = "<group>"; };
		25953401111CD2F500DC48A6 /* Jigsaw08.png */ = {isa = PBXFileReference; lastKnownFileType = image.png; name = Jigsaw08.png; path = images/Jigsaw08.png; sourceTree = "<group>"; };
		25953402111CD2F500DC48A6 /* Jigsaw09.png */ = {isa = PBXFileReference; lastKnownFileType = image.png; name = Jigsaw09.png; path = images/Jigsaw09.png; sourceTree = "<group>"; };
		25953403111CD2F500DC48A6 /* Jigsaw10.png */ = {isa = PBXFileReference; lastKnownFileType = image.png; name = Jigsaw10.png; path = images/Jigsaw10.png; sourceTree = "<group>"; };
		25953404111CD2F500DC48A6 /* Jigsaw12.png */ = {isa = PBXFileReference; lastKnownFileType = image.png; name = Jigsaw12.png; path = images/Jigsaw12.png; sourceTree = "<group>"; };
		25953405111CD2F500DC48A6 /* Jigsaw13.png */ = {isa = PBXFileReference; lastKnownFileType = image.png; name = Jigsaw13.png; path = images/Jigsaw13.png; sourceTree = "<group>"; };
		25953406111CD2F500DC48A6 /* Jigsaw14.png */ = {isa = PBXFileReference; lastKnownFileType = image.png; name = Jigsaw14.png; path = images/Jigsaw14.png; sourceTree = "<group>"; };
		25953407111CD2F500DC48A6 /* Jigsaw15.png */ = {isa = PBXFileReference; lastKnownFileType = image.png; name = Jigsaw15.png; path = images/Jigsaw15.png; sourceTree = "<group>"; };
		25953408111CD2F500DC48A6 /* Jigsaw16.png */ = {isa = PBXFileReference; lastKnownFileType = image.png; name = Jigsaw16.png; path = images/Jigsaw16.png; sourceTree = "<group>"; };
		25953409111CD2F500DC48A6 /* Jigsaw17.png */ = {isa = PBXFileReference; lastKnownFileType = image.png; name = Jigsaw17.png; path = images/Jigsaw17.png; sourceTree = "<group>"; };
		2595340A111CD2F500DC48A6 /* Jigsaw18.png */ = {isa = PBXFileReference; lastKnownFileType = image.png; name = Jigsaw18.png; path = images/Jigsaw18.png; sourceTree = "<group>"; };
		2595340B111CD2F500DC48A6 /* Jigsaw19.png */ = {isa = PBXFileReference; lastKnownFileType = image.png; name = Jigsaw19.png; path = images/Jigsaw19.png; sourceTree = "<group>"; };
		2595340C111CD2F500DC48A6 /* Jigsaw22.png */ = {isa = PBXFileReference; lastKnownFileType = image.png; name = Jigsaw22.png; path = images/Jigsaw22.png; sourceTree = "<group>"; };
		2595340D111CD2F500DC48A6 /* Jigsaw23.png */ = {isa = PBXFileReference; lastKnownFileType = image.png; name = Jigsaw23.png; path = images/Jigsaw23.png; sourceTree = "<group>"; };
		2595340E111CD2F500DC48A6 /* Jigsaw25.png */ = {isa = PBXFileReference; lastKnownFileType = image.png; name = Jigsaw25.png; path = images/Jigsaw25.png; sourceTree = "<group>"; };
		2595340F111CD2F500DC48A6 /* Jigsaw26.png */ = {isa = PBXFileReference; lastKnownFileType = image.png; name = Jigsaw26.png; path = images/Jigsaw26.png; sourceTree = "<group>"; };
		25953410111CD2F500DC48A6 /* Jigsaw27.png */ = {isa = PBXFileReference; lastKnownFileType = image.png; name = Jigsaw27.png; path = images/Jigsaw27.png; sourceTree = "<group>"; };
		25953411111CD2F500DC48A6 /* Jigsaw28.png */ = {isa = PBXFileReference; lastKnownFileType = image.png; name = Jigsaw28.png; path = images/Jigsaw28.png; sourceTree = "<group>"; };
		25953412111CD2F500DC48A6 /* Jigsaw29.png */ = {isa = PBXFileReference; lastKnownFileType = image.png; name = Jigsaw29.png; path = images/Jigsaw29.png; sourceTree = "<group>"; };
		25953413111CD2F500DC48A6 /* Jigsaw30.png */ = {isa = PBXFileReference; lastKnownFileType = image.png; name = Jigsaw30.png; path = images/Jigsaw30.png; sourceTree = "<group>"; };
		25953414111CD2F500DC48A6 /* Jigsaw31.png */ = {isa = PBXFileReference; lastKnownFileType = image.png; name = Jigsaw31.png; path = images/Jigsaw31.png; sourceTree = "<group>"; };
		25953415111CD2F500DC48A6 /* Jigsaw32.png */ = {isa = PBXFileReference; lastKnownFileType = image.png; name = Jigsaw32.png; path = images/Jigsaw32.png; sourceTree = "<group>"; };
		25A1032A1154B83A00E6906E /* FadeOut.h */ = {isa = PBXFileReference; fileEncoding = 4; lastKnownFileType = sourcecode.c.h; path = FadeOut.h; sourceTree = "<group>"; };
		25A1032B1154B83A00E6906E /* FadeOut.mm */ = {isa = PBXFileReference; fileEncoding = 4; lastKnownFileType = sourcecode.cpp.objcpp; path = FadeOut.mm; sourceTree = "<group>"; };
		25A9C403102B259D00B3FFC0 /* PieceMesh.h */ = {isa = PBXFileReference; fileEncoding = 4; lastKnownFileType = sourcecode.c.h; path = PieceMesh.h; sourceTree = "<group>"; };
		25A9C404102B259D00B3FFC0 /* PieceMesh.m */ = {isa = PBXFileReference; fileEncoding = 4; lastKnownFileType = sourcecode.c.objc; path = PieceMesh.m; sourceTree = "<group>"; };
		25A9C409102B272A00B3FFC0 /* PieceMeshFactory.h */ = {isa = PBXFileReference; fileEncoding = 4; lastKnownFileType = sourcecode.c.h; path = PieceMeshFactory.h; sourceTree = "<group>"; };
		25A9C40A102B272A00B3FFC0 /* PieceMeshFactory.m */ = {isa = PBXFileReference; fileEncoding = 4; lastKnownFileType = sourcecode.c.objc; path = PieceMeshFactory.m; sourceTree = "<group>"; };
		25A9C418102B2E4900B3FFC0 /* Triangle.h */ = {isa = PBXFileReference; fileEncoding = 4; lastKnownFileType = sourcecode.c.h; path = Triangle.h; sourceTree = "<group>"; };
		25A9C419102B2E6A00B3FFC0 /* Point.h */ = {isa = PBXFileReference; fileEncoding = 4; lastKnownFileType = sourcecode.c.h; path = Point.h; sourceTree = "<group>"; };
		25A9C45A102D36B600B3FFC0 /* Geometry.h */ = {isa = PBXFileReference; fileEncoding = 4; lastKnownFileType = sourcecode.c.h; path = Geometry.h; sourceTree = "<group>"; };
		25A9C45B102D36B600B3FFC0 /* Geometry.c */ = {isa = PBXFileReference; fileEncoding = 4; lastKnownFileType = sourcecode.c.c; path = Geometry.c; sourceTree = "<group>"; };
		25A9C464102D395100B3FFC0 /* curve01.crv */ = {isa = PBXFileReference; fileEncoding = 4; lastKnownFileType = text; name = curve01.crv; path = data/curve/curve01.crv; sourceTree = "<group>"; };
		25A9C466102D3A7200B3FFC0 /* Renderable.h */ = {isa = PBXFileReference; fileEncoding = 4; lastKnownFileType = sourcecode.c.h; path = Renderable.h; sourceTree = "<group>"; };
		25A9C469102D3B0C00B3FFC0 /* Float3.h */ = {isa = PBXFileReference; fileEncoding = 4; lastKnownFileType = sourcecode.c.h; path = Float3.h; sourceTree = "<group>"; };
		25A9C46A102D3B0C00B3FFC0 /* Float3.m */ = {isa = PBXFileReference; fileEncoding = 4; lastKnownFileType = sourcecode.c.objc; path = Float3.m; sourceTree = "<group>"; };
		25BF6B85102437BD003BFE21 /* Curve.h */ = {isa = PBXFileReference; fileEncoding = 4; lastKnownFileType = sourcecode.c.h; path = Curve.h; sourceTree = "<group>"; };
		25BF6B86102437BD003BFE21 /* Curve.m */ = {isa = PBXFileReference; fileEncoding = 4; lastKnownFileType = sourcecode.c.objc; path = Curve.m; sourceTree = "<group>"; };
		25CF85DC10896E5800A928C0 /* Jigsaw.h */ = {isa = PBXFileReference; fileEncoding = 4; lastKnownFileType = sourcecode.c.h; path = Jigsaw.h; sourceTree = "<group>"; };
		25CF85DD10896E5800A928C0 /* Jigsaw.mm */ = {isa = PBXFileReference; fileEncoding = 4; lastKnownFileType = sourcecode.cpp.objcpp; path = Jigsaw.mm; sourceTree = "<group>"; };
		25CF85DF1089715E00A928C0 /* Piece.h */ = {isa = PBXFileReference; fileEncoding = 4; lastKnownFileType = sourcecode.c.h; path = Piece.h; sourceTree = "<group>"; };
		25CF85E01089715E00A928C0 /* Piece.m */ = {isa = PBXFileReference; fileEncoding = 4; lastKnownFileType = sourcecode.c.objc; path = Piece.m; sourceTree = "<group>"; };
		25CF8643108974FB00A928C0 /* Board.h */ = {isa = PBXFileReference; fileEncoding = 4; lastKnownFileType = sourcecode.c.h; path = Board.h; sourceTree = "<group>"; };
		25CF8644108974FB00A928C0 /* Board.mm */ = {isa = PBXFileReference; fileEncoding = 4; lastKnownFileType = sourcecode.cpp.objcpp; path = Board.mm; sourceTree = "<group>"; };
		25D68B5611512B87002552AC /* curve02.crv */ = {isa = PBXFileReference; fileEncoding = 4; lastKnownFileType = text; name = curve02.crv; path = data/curve/curve02.crv; sourceTree = "<group>"; };
		25D68B8E11512E72002552AC /* curve03.crv */ = {isa = PBXFileReference; fileEncoding = 4; lastKnownFileType = text; name = curve03.crv; path = data/curve/curve03.crv; sourceTree = "<group>"; };
		25D68BAB1151319E002552AC /* curve04.crv */ = {isa = PBXFileReference; fileEncoding = 4; lastKnownFileType = text; name = curve04.crv; path = data/curve/curve04.crv; sourceTree = "<group>"; };
		25EBB925102451760039D4EE /* GLView.xib */ = {isa = PBXFileReference; lastKnownFileType = file.xib; path = GLView.xib; sourceTree = "<group>"; };
		25EBB9BD102457980039D4EE /* AboutTableController.h */ = {isa = PBXFileReference; fileEncoding = 4; lastKnownFileType = sourcecode.c.h; path = AboutTableController.h; sourceTree = "<group>"; };
		25EBB9BE102457980039D4EE /* AboutTableController.m */ = {isa = PBXFileReference; fileEncoding = 4; lastKnownFileType = sourcecode.c.objc; path = AboutTableController.m; sourceTree = "<group>"; };
		25EBB9BF102457980039D4EE /* MainTabController.h */ = {isa = PBXFileReference; fileEncoding = 4; lastKnownFileType = sourcecode.c.h; path = MainTabController.h; sourceTree = "<group>"; };
		25EBB9C0102457980039D4EE /* MainTabController.m */ = {isa = PBXFileReference; fileEncoding = 4; lastKnownFileType = sourcecode.c.objc; path = MainTabController.m; sourceTree = "<group>"; };
		25EBB9C5102457980039D4EE /* OptionTableController.h */ = {isa = PBXFileReference; fileEncoding = 4; lastKnownFileType = sourcecode.c.h; path = OptionTableController.h; sourceTree = "<group>"; };
		25EBB9C6102457980039D4EE /* OptionTableController.m */ = {isa = PBXFileReference; fileEncoding = 4; lastKnownFileType = sourcecode.c.objc; path = OptionTableController.m; sourceTree = "<group>"; };
		25EBB9D5102457D80039D4EE /* Constant.h */ = {isa = PBXFileReference; fileEncoding = 4; lastKnownFileType = sourcecode.c.h; path = Constant.h; sourceTree = "<group>"; };
		25EBB9EE102459360039D4EE /* CoreGraphics.framework */ = {isa = PBXFileReference; lastKnownFileType = wrapper.framework; name = CoreGraphics.framework; path = System/Library/Frameworks/CoreGraphics.framework; sourceTree = SDKROOT; };
		25EBBADC10249CA60039D4EE /* GameTableController.h */ = {isa = PBXFileReference; fileEncoding = 4; lastKnownFileType = sourcecode.c.h; path = GameTableController.h; sourceTree = "<group>"; };
		25EBBADD10249CA60039D4EE /* GameTableController.m */ = {isa = PBXFileReference; fileEncoding = 4; lastKnownFileType = sourcecode.c.objc; path = GameTableController.m; sourceTree = "<group>"; };
		25EBBD37102556760039D4EE /* WindowsManager.h */ = {isa = PBXFileReference; fileEncoding = 4; lastKnownFileType = sourcecode.c.h; path = WindowsManager.h; sourceTree = "<group>"; };
		25EBBD38102556760039D4EE /* WindowsManager.m */ = {isa = PBXFileReference; fileEncoding = 4; lastKnownFileType = sourcecode.c.objc; path = WindowsManager.m; sourceTree = "<group>"; };
		25F4892011522BC700360695 /* buttons.png */ = {isa = PBXFileReference; lastKnownFileType = image.png; name = buttons.png; path = data/icons/buttons.png; sourceTree = "<group>"; };
		25F48B331152635B00360695 /* Texture2D.h */ = {isa = PBXFileReference; fileEncoding = 4; lastKnownFileType = sourcecode.c.h; path = Texture2D.h; sourceTree = "<group>"; };
		25F48B341152636900360695 /* Texture2D.m */ = {isa = PBXFileReference; fileEncoding = 4; lastKnownFileType = sourcecode.c.objc; path = Texture2D.m; sourceTree = "<group>"; };
		28AD733E0D9D9553002E5188 /* MainWindow.xib */ = {isa = PBXFileReference; lastKnownFileType = file.xib; path = MainWindow.xib; sourceTree = "<group>"; };
		28FD14FC0DC6FC130079059D /* EAGLView.h */ = {isa = PBXFileReference; fileEncoding = 4; lastKnownFileType = sourcecode.c.h; path = EAGLView.h; sourceTree = "<group>"; };
		28FD14FD0DC6FC130079059D /* EAGLView.mm */ = {isa = PBXFileReference; fileEncoding = 4; lastKnownFileType = sourcecode.cpp.objcpp; path = EAGLView.mm; sourceTree = "<group>"; };
		28FD14FF0DC6FC520079059D /* OpenGLES.framework */ = {isa = PBXFileReference; lastKnownFileType = wrapper.framework; name = OpenGLES.framework; path = System/Library/Frameworks/OpenGLES.framework; sourceTree = SDKROOT; };
		28FD15070DC6FC5B0079059D /* QuartzCore.framework */ = {isa = PBXFileReference; lastKnownFileType = wrapper.framework; name = QuartzCore.framework; path = System/Library/Frameworks/QuartzCore.framework; sourceTree = SDKROOT; };
		29B97316FDCFA39411CA2CEA /* main.m */ = {isa = PBXFileReference; fileEncoding = 4; lastKnownFileType = sourcecode.c.objc; path = main.m; sourceTree = "<group>"; };
		32CA4F630368D1EE00C91783 /* Jigsaw_Prefix.pch */ = {isa = PBXFileReference; fileEncoding = 4; lastKnownFileType = sourcecode.c.h; path = Jigsaw_Prefix.pch; sourceTree = "<group>"; };
		8D1107310486CEB800E47090 /* Info.plist */ = {isa = PBXFileReference; fileEncoding = 4; lastKnownFileType = text.plist.xml; path = Info.plist; sourceTree = "<group>"; };
/* End PBXFileReference section */

/* Begin PBXFrameworksBuildPhase section */
		1D60588F0D05DD3D006BFB54 /* Frameworks */ = {
			isa = PBXFrameworksBuildPhase;
			buildActionMask = 2147483647;
			files = (
				1D60589F0D05DD5A006BFB54 /* Foundation.framework in Frameworks */,
				1DF5F4E00D08C38300B7A737 /* UIKit.framework in Frameworks */,
				28FD15000DC6FC520079059D /* OpenGLES.framework in Frameworks */,
				28FD15080DC6FC5B0079059D /* QuartzCore.framework in Frameworks */,
				25EBB9EF102459360039D4EE /* CoreGraphics.framework in Frameworks */,
			);
			runOnlyForDeploymentPostprocessing = 0;
		};
/* End PBXFrameworksBuildPhase section */

/* Begin PBXGroup section */
		080E96DDFE201D6D7F000001 /* Classes */ = {
			isa = PBXGroup;
			children = (
				25EBB9D2102457CA0039D4EE /* Common */,
				25EBB9BC1024577E0039D4EE /* GUI */,
				2532A56A101F370C00E0B0B5 /* Jigsaw */,
				1D3623240D0F684500981E51 /* JigsawAppDelegate.h */,
				1D3623250D0F684500981E51 /* JigsawAppDelegate.mm */,
			);
			path = Classes;
			sourceTree = "<group>";
		};
		19C28FACFE9D520D11CA2CBB /* Products */ = {
			isa = PBXGroup;
			children = (
				1D6058910D05DD3D006BFB54 /* Jigsaw.app */,
			);
			name = Products;
			sourceTree = "<group>";
		};
		2532A56A101F370C00E0B0B5 /* Jigsaw */ = {
			isa = PBXGroup;
			children = (
				258BBF371089C1A800069433 /* Util */,
				25A9C5AE102D442C00B3FFC0 /* Math */,
				25A9C5AD102D441C00B3FFC0 /* Render */,
				25A9C5AC102D440B00B3FFC0 /* Geometry */,
			);
			name = Jigsaw;
			sourceTree = "<group>";
		};
		25678299106E718200BFCE26 /* photo */ = {
			isa = PBXGroup;
			children = (
				258BBF0C1089C01C00069433 /* manutd512.png */,
			);
			name = photo;
			sourceTree = "<group>";
		};
		257BB37F10259754004B6DFA /* icons */ = {
			isa = PBXGroup;
			children = (
				2512F7321154B39D0088EB80 /* splashTexture.png */,
				25F4892011522BC700360695 /* buttons.png */,
				257BB38810259777004B6DFA /* About.png */,
				257BB38910259777004B6DFA /* Board.png */,
				257BB38A10259777004B6DFA /* Option.png */,
			);
			name = icons;
			sourceTree = "<group>";
		};
		257BB38010259760004B6DFA /* XIB */ = {
			isa = PBXGroup;
			children = (
				28AD733E0D9D9553002E5188 /* MainWindow.xib */,
				25EBB925102451760039D4EE /* GLView.xib */,
			);
			name = XIB;
			sourceTree = "<group>";
		};
		258BBF371089C1A800069433 /* Util */ = {
			isa = PBXGroup;
			children = (
				258BBF381089C1B900069433 /* RenzoTimer.h */,
				258BBF391089C1B900069433 /* RenzoTimer.cpp */,
				25226FC010A328BD008BA46D /* EventJPoint.h */,
				2522726810CC9722008BA46D /* RenzoUtil.h */,
				2522726C10CC97B8008BA46D /* RenzoUtil.h */,
				2522726D10CC97B8008BA46D /* RenzoUtil.cpp */,
			);
			name = Util;
			sourceTree = "<group>";
		};
		259533F9111CD2E000DC48A6 /* images */ = {
			isa = PBXGroup;
			children = (
				252B79C91153CEBC004ECC30 /* Jigsaw.txt */,
				259533FA111CD2F500DC48A6 /* Jigsaw01.png */,
				259533FB111CD2F500DC48A6 /* Jigsaw02.png */,
				259533FC111CD2F500DC48A6 /* Jigsaw03.png */,
				259533FD111CD2F500DC48A6 /* Jigsaw04.png */,
				259533FE111CD2F500DC48A6 /* Jigsaw05.png */,
				259533FF111CD2F500DC48A6 /* Jigsaw06.png */,
				25953400111CD2F500DC48A6 /* Jigsaw07.png */,
				25953401111CD2F500DC48A6 /* Jigsaw08.png */,
				25953402111CD2F500DC48A6 /* Jigsaw09.png */,
				25953403111CD2F500DC48A6 /* Jigsaw10.png */,
				25953404111CD2F500DC48A6 /* Jigsaw12.png */,
				25953405111CD2F500DC48A6 /* Jigsaw13.png */,
				25953406111CD2F500DC48A6 /* Jigsaw14.png */,
				25953407111CD2F500DC48A6 /* Jigsaw15.png */,
				25953408111CD2F500DC48A6 /* Jigsaw16.png */,
				25953409111CD2F500DC48A6 /* Jigsaw17.png */,
				2595340A111CD2F500DC48A6 /* Jigsaw18.png */,
				2595340B111CD2F500DC48A6 /* Jigsaw19.png */,
				2595340C111CD2F500DC48A6 /* Jigsaw22.png */,
				2595340D111CD2F500DC48A6 /* Jigsaw23.png */,
				2595340E111CD2F500DC48A6 /* Jigsaw25.png */,
				2595340F111CD2F500DC48A6 /* Jigsaw26.png */,
				25953410111CD2F500DC48A6 /* Jigsaw27.png */,
				25953411111CD2F500DC48A6 /* Jigsaw28.png */,
				25953412111CD2F500DC48A6 /* Jigsaw29.png */,
				25953413111CD2F500DC48A6 /* Jigsaw30.png */,
				25953414111CD2F500DC48A6 /* Jigsaw31.png */,
				25953415111CD2F500DC48A6 /* Jigsaw32.png */,
			);
			name = images;
			sourceTree = "<group>";
		};
		25A9C463102D393E00B3FFC0 /* curve */ = {
			isa = PBXGroup;
			children = (
				25D68BAB1151319E002552AC /* curve04.crv */,
				25D68B8E11512E72002552AC /* curve03.crv */,
				25D68B5611512B87002552AC /* curve02.crv */,
				25A9C464102D395100B3FFC0 /* curve01.crv */,
			);
			name = curve;
			sourceTree = "<group>";
		};
		25A9C5AC102D440B00B3FFC0 /* Geometry */ = {
			isa = PBXGroup;
			children = (
				25BF6B85102437BD003BFE21 /* Curve.h */,
				25BF6B86102437BD003BFE21 /* Curve.m */,
				2535BA2A103C4A4400323C7A /* CurveType.h */,
				2535BA2B103C4A4400323C7A /* CurveType.m */,
				25A9C403102B259D00B3FFC0 /* PieceMesh.h */,
				25A9C404102B259D00B3FFC0 /* PieceMesh.m */,
				25A9C409102B272A00B3FFC0 /* PieceMeshFactory.h */,
				25A9C40A102B272A00B3FFC0 /* PieceMeshFactory.m */,
				25A9C418102B2E4900B3FFC0 /* Triangle.h */,
				25A9C419102B2E6A00B3FFC0 /* Point.h */,
				25A9C45A102D36B600B3FFC0 /* Geometry.h */,
				25A9C45B102D36B600B3FFC0 /* Geometry.c */,
			);
			name = Geometry;
			sourceTree = "<group>";
		};
		25A9C5AD102D441C00B3FFC0 /* Render */ = {
			isa = PBXGroup;
			children = (
				25A9C466102D3A7200B3FFC0 /* Renderable.h */,
				2512F67C1154AD6A0088EB80 /* Renderable.m */,
				256781C1106E4AF600BFCE26 /* TextureManager.h */,
				256781C2106E4AF600BFCE26 /* TextureManager.m */,
				256781C4106E5FE300BFCE26 /* ImageLoader.h */,
				256781C5106E5FE300BFCE26 /* ImageLoader.m */,
				25CF85DC10896E5800A928C0 /* Jigsaw.h */,
				25CF85DD10896E5800A928C0 /* Jigsaw.mm */,
				25CF85DF1089715E00A928C0 /* Piece.h */,
				25CF85E01089715E00A928C0 /* Piece.m */,
				25CF8643108974FB00A928C0 /* Board.h */,
				25CF8644108974FB00A928C0 /* Board.mm */,
				25F48B331152635B00360695 /* Texture2D.h */,
				25F48B341152636900360695 /* Texture2D.m */,
				2512F584115479C60088EB80 /* Splash.h */,
				2512F585115479C60088EB80 /* Splash.mm */,
				2512F58A1154877C0088EB80 /* Blank.h */,
				2512F58B1154877C0088EB80 /* Blank.mm */,
				2512F58D115489390088EB80 /* FadeIn.h */,
				2512F58E115489390088EB80 /* FadeIn.mm */,
				25A1032A1154B83A00E6906E /* FadeOut.h */,
				25A1032B1154B83A00E6906E /* FadeOut.mm */,
			);
			name = Render;
			sourceTree = "<group>";
		};
		25A9C5AE102D442C00B3FFC0 /* Math */ = {
			isa = PBXGroup;
			children = (
				25A9C469102D3B0C00B3FFC0 /* Float3.h */,
				25A9C46A102D3B0C00B3FFC0 /* Float3.m */,
			);
			name = Math;
			sourceTree = "<group>";
		};
		25EBB9BC1024577E0039D4EE /* GUI */ = {
			isa = PBXGroup;
			children = (
				25EBBA4910245C240039D4EE /* MainView */,
				25EBBA4810245C180039D4EE /* Template */,
			);
			name = GUI;
			sourceTree = "<group>";
		};
		25EBB9D2102457CA0039D4EE /* Common */ = {
			isa = PBXGroup;
			children = (
				25EBB9D5102457D80039D4EE /* Constant.h */,
				257BB3B910259B84004B6DFA /* Text.h */,
			);
			name = Common;
			sourceTree = "<group>";
		};
		25EBBA4810245C180039D4EE /* Template */ = {
			isa = PBXGroup;
			children = (
				25EBB9BD102457980039D4EE /* AboutTableController.h */,
				25EBB9BE102457980039D4EE /* AboutTableController.m */,
				25EBB9BF102457980039D4EE /* MainTabController.h */,
				25EBB9C0102457980039D4EE /* MainTabController.m */,
				25EBB9C5102457980039D4EE /* OptionTableController.h */,
				25EBB9C6102457980039D4EE /* OptionTableController.m */,
				25EBBADC10249CA60039D4EE /* GameTableController.h */,
				25EBBADD10249CA60039D4EE /* GameTableController.m */,
				25EBBD37102556760039D4EE /* WindowsManager.h */,
				25EBBD38102556760039D4EE /* WindowsManager.m */,
			);
			name = Template;
			sourceTree = "<group>";
		};
		25EBBA4910245C240039D4EE /* MainView */ = {
			isa = PBXGroup;
			children = (
				28FD14FC0DC6FC130079059D /* EAGLView.h */,
				28FD14FD0DC6FC130079059D /* EAGLView.mm */,
			);
			name = MainView;
			sourceTree = "<group>";
		};
		29B97314FDCFA39411CA2CEA /* CustomTemplate */ = {
			isa = PBXGroup;
			children = (
				080E96DDFE201D6D7F000001 /* Classes */,
				29B97315FDCFA39411CA2CEA /* Other Sources */,
				29B97317FDCFA39411CA2CEA /* Resources */,
				29B97323FDCFA39411CA2CEA /* Frameworks */,
				19C28FACFE9D520D11CA2CBB /* Products */,
			);
			name = CustomTemplate;
			sourceTree = "<group>";
		};
		29B97315FDCFA39411CA2CEA /* Other Sources */ = {
			isa = PBXGroup;
			children = (
				32CA4F630368D1EE00C91783 /* Jigsaw_Prefix.pch */,
				29B97316FDCFA39411CA2CEA /* main.m */,
			);
			name = "Other Sources";
			sourceTree = "<group>";
		};
		29B97317FDCFA39411CA2CEA /* Resources */ = {
			isa = PBXGroup;
			children = (
				259533F9111CD2E000DC48A6 /* images */,
				25678299106E718200BFCE26 /* photo */,
				25A9C463102D393E00B3FFC0 /* curve */,
				257BB38010259760004B6DFA /* XIB */,
				257BB37F10259754004B6DFA /* icons */,
				8D1107310486CEB800E47090 /* Info.plist */,
			);
			name = Resources;
			sourceTree = "<group>";
		};
		29B97323FDCFA39411CA2CEA /* Frameworks */ = {
			isa = PBXGroup;
			children = (
				25EBB9EE102459360039D4EE /* CoreGraphics.framework */,
				28FD15070DC6FC5B0079059D /* QuartzCore.framework */,
				28FD14FF0DC6FC520079059D /* OpenGLES.framework */,
				1DF5F4DF0D08C38300B7A737 /* UIKit.framework */,
				1D30AB110D05D00D00671497 /* Foundation.framework */,
			);
			name = Frameworks;
			sourceTree = "<group>";
		};
/* End PBXGroup section */

/* Begin PBXNativeTarget section */
		1D6058900D05DD3D006BFB54 /* Jigsaw */ = {
			isa = PBXNativeTarget;
			buildConfigurationList = 1D6058960D05DD3E006BFB54 /* Build configuration list for PBXNativeTarget "Jigsaw" */;
			buildPhases = (
				1D60588D0D05DD3D006BFB54 /* Resources */,
				1D60588E0D05DD3D006BFB54 /* Sources */,
				1D60588F0D05DD3D006BFB54 /* Frameworks */,
			);
			buildRules = (
			);
			dependencies = (
			);
			name = Jigsaw;
			productName = Jigsaw;
			productReference = 1D6058910D05DD3D006BFB54 /* Jigsaw.app */;
			productType = "com.apple.product-type.application";
		};
/* End PBXNativeTarget section */

/* Begin PBXProject section */
		29B97313FDCFA39411CA2CEA /* Project object */ = {
			isa = PBXProject;
			buildConfigurationList = C01FCF4E08A954540054247B /* Build configuration list for PBXProject "Jigsaw" */;
			compatibilityVersion = "Xcode 3.1";
			hasScannedForEncodings = 1;
			mainGroup = 29B97314FDCFA39411CA2CEA /* CustomTemplate */;
			projectDirPath = "";
			projectRoot = "";
			targets = (
				1D6058900D05DD3D006BFB54 /* Jigsaw */,
			);
		};
/* End PBXProject section */

/* Begin PBXResourcesBuildPhase section */
		1D60588D0D05DD3D006BFB54 /* Resources */ = {
			isa = PBXResourcesBuildPhase;
			buildActionMask = 2147483647;
			files = (
				28AD733F0D9D9553002E5188 /* MainWindow.xib in Resources */,
				25EBB926102451760039D4EE /* GLView.xib in Resources */,
				257BB38B10259777004B6DFA /* About.png in Resources */,
				257BB38C10259777004B6DFA /* Board.png in Resources */,
				257BB38D10259777004B6DFA /* Option.png in Resources */,
				25A9C465102D395100B3FFC0 /* curve01.crv in Resources */,
				258BBF0D1089C01C00069433 /* manutd512.png in Resources */,
				25953417111CD2F500DC48A6 /* Jigsaw01.png in Resources */,
				25953418111CD2F500DC48A6 /* Jigsaw02.png in Resources */,
				25953419111CD2F500DC48A6 /* Jigsaw03.png in Resources */,
				2595341A111CD2F500DC48A6 /* Jigsaw04.png in Resources */,
				2595341B111CD2F500DC48A6 /* Jigsaw05.png in Resources */,
				2595341C111CD2F500DC48A6 /* Jigsaw06.png in Resources */,
				2595341D111CD2F500DC48A6 /* Jigsaw07.png in Resources */,
				2595341E111CD2F500DC48A6 /* Jigsaw08.png in Resources */,
				2595341F111CD2F500DC48A6 /* Jigsaw09.png in Resources */,
				25953420111CD2F500DC48A6 /* Jigsaw10.png in Resources */,
				25953421111CD2F500DC48A6 /* Jigsaw12.png in Resources */,
				25953422111CD2F500DC48A6 /* Jigsaw13.png in Resources */,
				25953423111CD2F500DC48A6 /* Jigsaw14.png in Resources */,
				25953424111CD2F500DC48A6 /* Jigsaw15.png in Resources */,
				25953425111CD2F500DC48A6 /* Jigsaw16.png in Resources */,
				25953426111CD2F500DC48A6 /* Jigsaw17.png in Resources */,
				25953427111CD2F500DC48A6 /* Jigsaw18.png in Resources */,
				25953428111CD2F500DC48A6 /* Jigsaw19.png in Resources */,
				25953429111CD2F500DC48A6 /* Jigsaw22.png in Resources */,
				2595342A111CD2F500DC48A6 /* Jigsaw23.png in Resources */,
				2595342B111CD2F500DC48A6 /* Jigsaw25.png in Resources */,
				2595342C111CD2F500DC48A6 /* Jigsaw26.png in Resources */,
				2595342D111CD2F500DC48A6 /* Jigsaw27.png in Resources */,
				2595342E111CD2F500DC48A6 /* Jigsaw28.png in Resources */,
				2595342F111CD2F500DC48A6 /* Jigsaw29.png in Resources */,
				25953430111CD2F500DC48A6 /* Jigsaw30.png in Resources */,
				25953431111CD2F500DC48A6 /* Jigsaw31.png in Resources */,
				25953432111CD2F500DC48A6 /* Jigsaw32.png in Resources */,
				25D68B5811512B87002552AC /* curve02.crv in Resources */,
				25D68B8F11512E72002552AC /* curve03.crv in Resources */,
				25D68BAC1151319E002552AC /* curve04.crv in Resources */,
				25F4892111522BC700360695 /* buttons.png in Resources */,
				252B79CA1153CEBC004ECC30 /* Jigsaw.txt in Resources */,
				2512F67D1154AD6A0088EB80 /* Renderable.m in Resources */,
				2512F7331154B39D0088EB80 /* splashTexture.png in Resources */,
			);
			runOnlyForDeploymentPostprocessing = 0;
		};
/* End PBXResourcesBuildPhase section */

/* Begin PBXSourcesBuildPhase section */
		1D60588E0D05DD3D006BFB54 /* Sources */ = {
			isa = PBXSourcesBuildPhase;
			buildActionMask = 2147483647;
			files = (
				2512F6A01154B1F80088EB80 /* Renderable.m in Sources */,
				1D60589B0D05DD56006BFB54 /* main.m in Sources */,
				1D3623260D0F684500981E51 /* JigsawAppDelegate.mm in Sources */,
				28FD14FE0DC6FC130079059D /* EAGLView.mm in Sources */,
				25BF6B87102437BD003BFE21 /* Curve.m in Sources */,
				25EBB9C9102457980039D4EE /* AboutTableController.m in Sources */,
				25EBB9CA102457980039D4EE /* MainTabController.m in Sources */,
				25EBB9CD102457980039D4EE /* OptionTableController.m in Sources */,
				25EBBADE10249CA60039D4EE /* GameTableController.m in Sources */,
				25EBBD39102556760039D4EE /* WindowsManager.m in Sources */,
				25A9C405102B259D00B3FFC0 /* PieceMesh.m in Sources */,
				25A9C40B102B272A00B3FFC0 /* PieceMeshFactory.m in Sources */,
				25A9C45C102D36B600B3FFC0 /* Geometry.c in Sources */,
				25A9C46B102D3B0C00B3FFC0 /* Float3.m in Sources */,
				2535BA2C103C4A4400323C7A /* CurveType.m in Sources */,
				256781C3106E4AF600BFCE26 /* TextureManager.m in Sources */,
				256781C6106E5FE300BFCE26 /* ImageLoader.m in Sources */,
				25CF85DE10896E5800A928C0 /* Jigsaw.mm in Sources */,
				25CF85E11089715E00A928C0 /* Piece.m in Sources */,
				25CF8645108974FB00A928C0 /* Board.mm in Sources */,
				258BBF3A1089C1B900069433 /* RenzoTimer.cpp in Sources */,
				2522726E10CC97B8008BA46D /* RenzoUtil.cpp in Sources */,
				25F48B351152636900360695 /* Texture2D.m in Sources */,
				2512F586115479C60088EB80 /* Splash.mm in Sources */,
				2512F58C1154877C0088EB80 /* Blank.mm in Sources */,
				2512F58F115489390088EB80 /* FadeIn.mm in Sources */,
				25A1032C1154B83A00E6906E /* FadeOut.mm in Sources */,
			);
			runOnlyForDeploymentPostprocessing = 0;
		};
/* End PBXSourcesBuildPhase section */

/* Begin XCBuildConfiguration section */
		1D6058940D05DD3E006BFB54 /* Debug */ = {
			isa = XCBuildConfiguration;
			buildSettings = {
				ALWAYS_SEARCH_USER_PATHS = NO;
				COPY_PHASE_STRIP = NO;
				GCC_DYNAMIC_NO_PIC = NO;
				GCC_OPTIMIZATION_LEVEL = 0;
				GCC_PRECOMPILE_PREFIX_HEADER = YES;
				GCC_PREFIX_HEADER = Jigsaw_Prefix.pch;
				INFOPLIST_FILE = Info.plist;
				PRODUCT_NAME = Jigsaw;
			};
			name = Debug;
		};
		1D6058950D05DD3E006BFB54 /* Release */ = {
			isa = XCBuildConfiguration;
			buildSettings = {
				ALWAYS_SEARCH_USER_PATHS = NO;
				COPY_PHASE_STRIP = YES;
				GCC_PRECOMPILE_PREFIX_HEADER = YES;
				GCC_PREFIX_HEADER = Jigsaw_Prefix.pch;
				INFOPLIST_FILE = Info.plist;
				PRODUCT_NAME = Jigsaw;
			};
			name = Release;
		};
		C01FCF4F08A954540054247B /* Debug */ = {
			isa = XCBuildConfiguration;
			buildSettings = {
				ARCHS = "$(ARCHS_STANDARD_32_BIT)";
				"CODE_SIGN_IDENTITY[sdk=iphoneos*]" = "iPhone Distribution: Aptus Ventures, LLP";
				GCC_C_LANGUAGE_STANDARD = c99;
				GCC_WARN_ABOUT_RETURN_TYPE = YES;
				GCC_WARN_UNUSED_VARIABLE = YES;
				ONLY_ACTIVE_ARCH = YES;
				PREBINDING = NO;
				SDKROOT = iphoneos2.1;
			};
			name = Debug;
		};
		C01FCF5008A954540054247B /* Release */ = {
			isa = XCBuildConfiguration;
			buildSettings = {
				ARCHS = "$(ARCHS_STANDARD_32_BIT)";
				"CODE_SIGN_IDENTITY[sdk=iphoneos*]" = "iPhone Developer";
				GCC_C_LANGUAGE_STANDARD = c99;
				GCC_WARN_ABOUT_RETURN_TYPE = YES;
				GCC_WARN_UNUSED_VARIABLE = YES;
				PREBINDING = NO;
				"PROVISIONING_PROFILE[sdk=iphoneos*]" = "";
				SDKROOT = iphoneos3.1;
			};
			name = Release;
		};
/* End XCBuildConfiguration section */

/* Begin XCConfigurationList section */
		1D6058960D05DD3E006BFB54 /* Build configuration list for PBXNativeTarget "Jigsaw" */ = {
			isa = XCConfigurationList;
			buildConfigurations = (
				1D6058940D05DD3E006BFB54 /* Debug */,
				1D6058950D05DD3E006BFB54 /* Release */,
			);
			defaultConfigurationIsVisible = 0;
			defaultConfigurationName = Release;
		};
		C01FCF4E08A954540054247B /* Build configuration list for PBXProject "Jigsaw" */ = {
			isa = XCConfigurationList;
			buildConfigurations = (
				C01FCF4F08A954540054247B /* Debug */,
				C01FCF5008A954540054247B /* Release */,
			);
			defaultConfigurationIsVisible = 0;
			defaultConfigurationName = Release;
		};
/* End XCConfigurationList section */
	};
	rootObject = 29B97313FDCFA39411CA2CEA /* Project object */;
}
