// !$*UTF8*$!
{
	archiveVersion = 1;
	classes = {
	};
	objectVersion = 45;
	objects = {

/* Begin PBXBuildFile section */
		1D3623260D0F684500981E51 /* JouzuGomokuAppDelegate.m in Sources */ = {isa = PBXBuildFile; fileRef = 1D3623250D0F684500981E51 /* JouzuGomokuAppDelegate.m */; };
		1D60589B0D05DD56006BFB54 /* main.m in Sources */ = {isa = PBXBuildFile; fileRef = 29B97316FDCFA39411CA2CEA /* main.m */; };
		1D60589F0D05DD5A006BFB54 /* Foundation.framework in Frameworks */ = {isa = PBXBuildFile; fileRef = 1D30AB110D05D00D00671497 /* Foundation.framework */; };
		1DF5F4E00D08C38300B7A737 /* UIKit.framework in Frameworks */ = {isa = PBXBuildFile; fileRef = 1DF5F4DF0D08C38300B7A737 /* UIKit.framework */; };
		250AA5260EB0D14F00B636C8 /* Move.c in Sources */ = {isa = PBXBuildFile; fileRef = 250AA5250EB0D14F00B636C8 /* Move.c */; };
		255DB36C0EAF95E200061B2B /* GomokuBoardView.m in Sources */ = {isa = PBXBuildFile; fileRef = 255DB36B0EAF95E200061B2B /* GomokuBoardView.m */; };
		255DB36F0EAF965500061B2B /* GomokuInfoView.m in Sources */ = {isa = PBXBuildFile; fileRef = 255DB36E0EAF965500061B2B /* GomokuInfoView.m */; };
		255DB3950EAF9A0F00061B2B /* GomokuModel.m in Sources */ = {isa = PBXBuildFile; fileRef = 255DB3940EAF9A0F00061B2B /* GomokuModel.m */; };
		255DB39B0EAF9AB600061B2B /* GomokuInfoViewController.m in Sources */ = {isa = PBXBuildFile; fileRef = 255DB39A0EAF9AB600061B2B /* GomokuInfoViewController.m */; };
		25ABD3660EB42BB7006FF5C3 /* Gomoku.m in Sources */ = {isa = PBXBuildFile; fileRef = 25ABD3640EB42BB7006FF5C3 /* Gomoku.m */; };
		25C13E5F0EB5BCFE001DF77E /* CellLayer.m in Sources */ = {isa = PBXBuildFile; fileRef = 25C13E5E0EB5BCFE001DF77E /* CellLayer.m */; };
		25C13E740EB5C3F4001DF77E /* RenderCell.m in Sources */ = {isa = PBXBuildFile; fileRef = 25C13E730EB5C3F4001DF77E /* RenderCell.m */; };
		25C140730EB5EAB1001DF77E /* RenderPiece.m in Sources */ = {isa = PBXBuildFile; fileRef = 25C140720EB5EAB1001DF77E /* RenderPiece.m */; };
		288765A50DF7441C002DB57D /* CoreGraphics.framework in Frameworks */ = {isa = PBXBuildFile; fileRef = 288765A40DF7441C002DB57D /* CoreGraphics.framework */; };
		2899E5220DE3E06400AC0155 /* JouzuGomokuViewController.xib in Resources */ = {isa = PBXBuildFile; fileRef = 2899E5210DE3E06400AC0155 /* JouzuGomokuViewController.xib */; };
		28AD733F0D9D9553002E5188 /* MainWindow.xib in Resources */ = {isa = PBXBuildFile; fileRef = 28AD733E0D9D9553002E5188 /* MainWindow.xib */; };
		28D7ACF80DDB3853001CB0EB /* JouzuGomokuViewController.m in Sources */ = {isa = PBXBuildFile; fileRef = 28D7ACF70DDB3853001CB0EB /* JouzuGomokuViewController.m */; };
/* End PBXBuildFile section */

/* Begin PBXFileReference section */
		1D30AB110D05D00D00671497 /* Foundation.framework */ = {isa = PBXFileReference; lastKnownFileType = wrapper.framework; name = Foundation.framework; path = System/Library/Frameworks/Foundation.framework; sourceTree = SDKROOT; };
		1D3623240D0F684500981E51 /* JouzuGomokuAppDelegate.h */ = {isa = PBXFileReference; fileEncoding = 4; lastKnownFileType = sourcecode.c.h; path = JouzuGomokuAppDelegate.h; sourceTree = "<group>"; };
		1D3623250D0F684500981E51 /* JouzuGomokuAppDelegate.m */ = {isa = PBXFileReference; fileEncoding = 4; lastKnownFileType = sourcecode.c.objc; path = JouzuGomokuAppDelegate.m; sourceTree = "<group>"; };
		1D6058910D05DD3D006BFB54 /* JouzuGomoku.app */ = {isa = PBXFileReference; explicitFileType = wrapper.application; includeInIndex = 0; path = JouzuGomoku.app; sourceTree = BUILT_PRODUCTS_DIR; };
		1DF5F4DF0D08C38300B7A737 /* UIKit.framework */ = {isa = PBXFileReference; lastKnownFileType = wrapper.framework; name = UIKit.framework; path = System/Library/Frameworks/UIKit.framework; sourceTree = SDKROOT; };
		250AA5240EB0D14F00B636C8 /* Move.h */ = {isa = PBXFileReference; fileEncoding = 4; lastKnownFileType = sourcecode.c.h; path = Move.h; sourceTree = "<group>"; };
		250AA5250EB0D14F00B636C8 /* Move.c */ = {isa = PBXFileReference; fileEncoding = 4; lastKnownFileType = sourcecode.c.c; path = Move.c; sourceTree = "<group>"; };
		255DB36A0EAF95E200061B2B /* GomokuBoardView.h */ = {isa = PBXFileReference; fileEncoding = 4; lastKnownFileType = sourcecode.c.h; path = GomokuBoardView.h; sourceTree = "<group>"; };
		255DB36B0EAF95E200061B2B /* GomokuBoardView.m */ = {isa = PBXFileReference; fileEncoding = 4; lastKnownFileType = sourcecode.c.objc; path = GomokuBoardView.m; sourceTree = "<group>"; };
		255DB36D0EAF965500061B2B /* GomokuInfoView.h */ = {isa = PBXFileReference; fileEncoding = 4; lastKnownFileType = sourcecode.c.h; path = GomokuInfoView.h; sourceTree = "<group>"; };
		255DB36E0EAF965500061B2B /* GomokuInfoView.m */ = {isa = PBXFileReference; fileEncoding = 4; lastKnownFileType = sourcecode.c.objc; path = GomokuInfoView.m; sourceTree = "<group>"; };
		255DB3940EAF9A0F00061B2B /* GomokuModel.m */ = {isa = PBXFileReference; fileEncoding = 4; lastKnownFileType = sourcecode.c.objc; path = GomokuModel.m; sourceTree = "<group>"; };
		255DB3990EAF9AB600061B2B /* GomokuInfoViewController.h */ = {isa = PBXFileReference; fileEncoding = 4; lastKnownFileType = sourcecode.c.h; path = GomokuInfoViewController.h; sourceTree = "<group>"; };
		255DB39A0EAF9AB600061B2B /* GomokuInfoViewController.m */ = {isa = PBXFileReference; fileEncoding = 4; lastKnownFileType = sourcecode.c.objc; path = GomokuInfoViewController.m; sourceTree = "<group>"; };
		255DB3A80EAF9B3300061B2B /* GomokuModel.h */ = {isa = PBXFileReference; fileEncoding = 4; lastKnownFileType = sourcecode.c.h; path = GomokuModel.h; sourceTree = "<group>"; };
		25ABD3640EB42BB7006FF5C3 /* Gomoku.m */ = {isa = PBXFileReference; fileEncoding = 4; lastKnownFileType = sourcecode.c.objc; path = Gomoku.m; sourceTree = "<group>"; };
		25ABD3650EB42BB7006FF5C3 /* Gomoku.h */ = {isa = PBXFileReference; fileEncoding = 4; lastKnownFileType = sourcecode.c.h; path = Gomoku.h; sourceTree = "<group>"; };
		25C13E5D0EB5BCFE001DF77E /* CellLayer.h */ = {isa = PBXFileReference; fileEncoding = 4; lastKnownFileType = sourcecode.c.h; path = CellLayer.h; sourceTree = "<group>"; };
		25C13E5E0EB5BCFE001DF77E /* CellLayer.m */ = {isa = PBXFileReference; fileEncoding = 4; lastKnownFileType = sourcecode.c.objc; path = CellLayer.m; sourceTree = "<group>"; };
		25C13E700EB5C3C0001DF77E /* RenderDelegate.h */ = {isa = PBXFileReference; fileEncoding = 4; lastKnownFileType = sourcecode.c.h; path = RenderDelegate.h; sourceTree = "<group>"; };
		25C13E720EB5C3F4001DF77E /* RenderCell.h */ = {isa = PBXFileReference; fileEncoding = 4; lastKnownFileType = sourcecode.c.h; path = RenderCell.h; sourceTree = "<group>"; };
		25C13E730EB5C3F4001DF77E /* RenderCell.m */ = {isa = PBXFileReference; fileEncoding = 4; lastKnownFileType = sourcecode.c.objc; path = RenderCell.m; sourceTree = "<group>"; };
		25C140710EB5EAB1001DF77E /* RenderPiece.h */ = {isa = PBXFileReference; fileEncoding = 4; lastKnownFileType = sourcecode.c.h; path = RenderPiece.h; sourceTree = "<group>"; };
		25C140720EB5EAB1001DF77E /* RenderPiece.m */ = {isa = PBXFileReference; fileEncoding = 4; lastKnownFileType = sourcecode.c.objc; path = RenderPiece.m; sourceTree = "<group>"; };
		25C141950EB5FE91001DF77E /* GomokuObservable.h */ = {isa = PBXFileReference; fileEncoding = 4; lastKnownFileType = sourcecode.c.h; path = GomokuObservable.h; sourceTree = "<group>"; };
		25C141960EB5FE9C001DF77E /* GomokuObserver.h */ = {isa = PBXFileReference; fileEncoding = 4; lastKnownFileType = sourcecode.c.h; path = GomokuObserver.h; sourceTree = "<group>"; };
		288765A40DF7441C002DB57D /* CoreGraphics.framework */ = {isa = PBXFileReference; lastKnownFileType = wrapper.framework; name = CoreGraphics.framework; path = System/Library/Frameworks/CoreGraphics.framework; sourceTree = SDKROOT; };
		2899E5210DE3E06400AC0155 /* JouzuGomokuViewController.xib */ = {isa = PBXFileReference; lastKnownFileType = file.xib; path = JouzuGomokuViewController.xib; sourceTree = "<group>"; };
		28AD733E0D9D9553002E5188 /* MainWindow.xib */ = {isa = PBXFileReference; lastKnownFileType = file.xib; path = MainWindow.xib; sourceTree = "<group>"; };
		28D7ACF60DDB3853001CB0EB /* JouzuGomokuViewController.h */ = {isa = PBXFileReference; fileEncoding = 4; lastKnownFileType = sourcecode.c.h; path = JouzuGomokuViewController.h; sourceTree = "<group>"; };
		28D7ACF70DDB3853001CB0EB /* JouzuGomokuViewController.m */ = {isa = PBXFileReference; fileEncoding = 4; lastKnownFileType = sourcecode.c.objc; path = JouzuGomokuViewController.m; sourceTree = "<group>"; };
		29B97316FDCFA39411CA2CEA /* main.m */ = {isa = PBXFileReference; fileEncoding = 4; lastKnownFileType = sourcecode.c.objc; path = main.m; sourceTree = "<group>"; };
		32CA4F630368D1EE00C91783 /* JouzuGomoku_Prefix.pch */ = {isa = PBXFileReference; fileEncoding = 4; lastKnownFileType = sourcecode.c.h; path = JouzuGomoku_Prefix.pch; sourceTree = "<group>"; };
		8D1107310486CEB800E47090 /* Info.plist */ = {isa = PBXFileReference; fileEncoding = 4; lastKnownFileType = text.plist.xml; path = Info.plist; sourceTree = "<group>"; };
/* End PBXFileReference section */

/* Begin PBXFrameworksBuildPhase section */
		1D60588F0D05DD3D006BFB54 /* Frameworks */ = {
			isa = PBXFrameworksBuildPhase;
			buildActionMask = 2147483647;
			files = (
				1D60589F0D05DD5A006BFB54 /* Foundation.framework in Frameworks */,
				1DF5F4E00D08C38300B7A737 /* UIKit.framework in Frameworks */,
				288765A50DF7441C002DB57D /* CoreGraphics.framework in Frameworks */,
			);
			runOnlyForDeploymentPostprocessing = 0;
		};
/* End PBXFrameworksBuildPhase section */

/* Begin PBXGroup section */
		080E96DDFE201D6D7F000001 /* Classes */ = {
			isa = PBXGroup;
			children = (
				255DB3930EAF99F300061B2B /* Model */,
				255DB3770EAF969900061B2B /* InfoView */,
				255DB3760EAF968B00061B2B /* BoardView */,
				1D3623240D0F684500981E51 /* JouzuGomokuAppDelegate.h */,
				1D3623250D0F684500981E51 /* JouzuGomokuAppDelegate.m */,
				28D7ACF60DDB3853001CB0EB /* JouzuGomokuViewController.h */,
				28D7ACF70DDB3853001CB0EB /* JouzuGomokuViewController.m */,
			);
			path = Classes;
			sourceTree = "<group>";
		};
		19C28FACFE9D520D11CA2CBB /* Products */ = {
			isa = PBXGroup;
			children = (
				1D6058910D05DD3D006BFB54 /* JouzuGomoku.app */,
			);
			name = Products;
			sourceTree = "<group>";
		};
		255DB3760EAF968B00061B2B /* BoardView */ = {
			isa = PBXGroup;
			children = (
				255DB36A0EAF95E200061B2B /* GomokuBoardView.h */,
				255DB36B0EAF95E200061B2B /* GomokuBoardView.m */,
				25C13E5D0EB5BCFE001DF77E /* CellLayer.h */,
				25C13E5E0EB5BCFE001DF77E /* CellLayer.m */,
				25C13E700EB5C3C0001DF77E /* RenderDelegate.h */,
				25C13E720EB5C3F4001DF77E /* RenderCell.h */,
				25C13E730EB5C3F4001DF77E /* RenderCell.m */,
				25C140710EB5EAB1001DF77E /* RenderPiece.h */,
				25C140720EB5EAB1001DF77E /* RenderPiece.m */,
			);
			name = BoardView;
			sourceTree = "<group>";
		};
		255DB3770EAF969900061B2B /* InfoView */ = {
			isa = PBXGroup;
			children = (
				255DB3990EAF9AB600061B2B /* GomokuInfoViewController.h */,
				255DB39A0EAF9AB600061B2B /* GomokuInfoViewController.m */,
				255DB36D0EAF965500061B2B /* GomokuInfoView.h */,
				255DB36E0EAF965500061B2B /* GomokuInfoView.m */,
			);
			name = InfoView;
			sourceTree = "<group>";
		};
		255DB3930EAF99F300061B2B /* Model */ = {
			isa = PBXGroup;
			children = (
				25ABD3640EB42BB7006FF5C3 /* Gomoku.m */,
				25ABD3650EB42BB7006FF5C3 /* Gomoku.h */,
				255DB3940EAF9A0F00061B2B /* GomokuModel.m */,
				255DB3A80EAF9B3300061B2B /* GomokuModel.h */,
				250AA5240EB0D14F00B636C8 /* Move.h */,
				250AA5250EB0D14F00B636C8 /* Move.c */,
				25C141950EB5FE91001DF77E /* GomokuObservable.h */,
				25C141960EB5FE9C001DF77E /* GomokuObserver.h */,
			);
			name = Model;
			sourceTree = "<group>";
		};
		29B97314FDCFA39411CA2CEA /* CustomTemplate */ = {
			isa = PBXGroup;
			children = (
				080E96DDFE201D6D7F000001 /* Classes */,
				29B97315FDCFA39411CA2CEA /* Other Sources */,
				29B97317FDCFA39411CA2CEA /* Resources */,
				29B97323FDCFA39411CA2CEA /* Frameworks */,
				19C28FACFE9D520D11CA2CBB /* Products */,
			);
			name = CustomTemplate;
			sourceTree = "<group>";
		};
		29B97315FDCFA39411CA2CEA /* Other Sources */ = {
			isa = PBXGroup;
			children = (
				32CA4F630368D1EE00C91783 /* JouzuGomoku_Prefix.pch */,
				29B97316FDCFA39411CA2CEA /* main.m */,
			);
			name = "Other Sources";
			sourceTree = "<group>";
		};
		29B97317FDCFA39411CA2CEA /* Resources */ = {
			isa = PBXGroup;
			children = (
				2899E5210DE3E06400AC0155 /* JouzuGomokuViewController.xib */,
				28AD733E0D9D9553002E5188 /* MainWindow.xib */,
				8D1107310486CEB800E47090 /* Info.plist */,
			);
			name = Resources;
			sourceTree = "<group>";
		};
		29B97323FDCFA39411CA2CEA /* Frameworks */ = {
			isa = PBXGroup;
			children = (
				1DF5F4DF0D08C38300B7A737 /* UIKit.framework */,
				1D30AB110D05D00D00671497 /* Foundation.framework */,
				288765A40DF7441C002DB57D /* CoreGraphics.framework */,
			);
			name = Frameworks;
			sourceTree = "<group>";
		};
/* End PBXGroup section */

/* Begin PBXNativeTarget section */
		1D6058900D05DD3D006BFB54 /* JouzuGomoku */ = {
			isa = PBXNativeTarget;
			buildConfigurationList = 1D6058960D05DD3E006BFB54 /* Build configuration list for PBXNativeTarget "JouzuGomoku" */;
			buildPhases = (
				1D60588D0D05DD3D006BFB54 /* Resources */,
				1D60588E0D05DD3D006BFB54 /* Sources */,
				1D60588F0D05DD3D006BFB54 /* Frameworks */,
			);
			buildRules = (
			);
			dependencies = (
			);
			name = JouzuGomoku;
			productName = JouzuGomoku;
			productReference = 1D6058910D05DD3D006BFB54 /* JouzuGomoku.app */;
			productType = "com.apple.product-type.application";
		};
/* End PBXNativeTarget section */

/* Begin PBXProject section */
		29B97313FDCFA39411CA2CEA /* Project object */ = {
			isa = PBXProject;
			buildConfigurationList = C01FCF4E08A954540054247B /* Build configuration list for PBXProject "JouzuGomoku" */;
			compatibilityVersion = "Xcode 3.1";
			hasScannedForEncodings = 1;
			mainGroup = 29B97314FDCFA39411CA2CEA /* CustomTemplate */;
			projectDirPath = "";
			projectRoot = "";
			targets = (
				1D6058900D05DD3D006BFB54 /* JouzuGomoku */,
			);
		};
/* End PBXProject section */

/* Begin PBXResourcesBuildPhase section */
		1D60588D0D05DD3D006BFB54 /* Resources */ = {
			isa = PBXResourcesBuildPhase;
			buildActionMask = 2147483647;
			files = (
				28AD733F0D9D9553002E5188 /* MainWindow.xib in Resources */,
				2899E5220DE3E06400AC0155 /* JouzuGomokuViewController.xib in Resources */,
			);
			runOnlyForDeploymentPostprocessing = 0;
		};
/* End PBXResourcesBuildPhase section */

/* Begin PBXSourcesBuildPhase section */
		1D60588E0D05DD3D006BFB54 /* Sources */ = {
			isa = PBXSourcesBuildPhase;
			buildActionMask = 2147483647;
			files = (
				1D60589B0D05DD56006BFB54 /* main.m in Sources */,
				1D3623260D0F684500981E51 /* JouzuGomokuAppDelegate.m in Sources */,
				28D7ACF80DDB3853001CB0EB /* JouzuGomokuViewController.m in Sources */,
				255DB36C0EAF95E200061B2B /* GomokuBoardView.m in Sources */,
				255DB36F0EAF965500061B2B /* GomokuInfoView.m in Sources */,
				255DB3950EAF9A0F00061B2B /* GomokuModel.m in Sources */,
				255DB39B0EAF9AB600061B2B /* GomokuInfoViewController.m in Sources */,
				250AA5260EB0D14F00B636C8 /* Move.c in Sources */,
				25ABD3660EB42BB7006FF5C3 /* Gomoku.m in Sources */,
				25C13E5F0EB5BCFE001DF77E /* CellLayer.m in Sources */,
				25C13E740EB5C3F4001DF77E /* RenderCell.m in Sources */,
				25C140730EB5EAB1001DF77E /* RenderPiece.m in Sources */,
			);
			runOnlyForDeploymentPostprocessing = 0;
		};
/* End PBXSourcesBuildPhase section */

/* Begin XCBuildConfiguration section */
		1D6058940D05DD3E006BFB54 /* Debug */ = {
			isa = XCBuildConfiguration;
			buildSettings = {
				ALWAYS_SEARCH_USER_PATHS = NO;
				COPY_PHASE_STRIP = NO;
				GCC_DYNAMIC_NO_PIC = NO;
				GCC_OPTIMIZATION_LEVEL = 0;
				GCC_PRECOMPILE_PREFIX_HEADER = YES;
				GCC_PREFIX_HEADER = JouzuGomoku_Prefix.pch;
				INFOPLIST_FILE = Info.plist;
				PRODUCT_NAME = JouzuGomoku;
			};
			name = Debug;
		};
		1D6058950D05DD3E006BFB54 /* Release */ = {
			isa = XCBuildConfiguration;
			buildSettings = {
				ALWAYS_SEARCH_USER_PATHS = NO;
				COPY_PHASE_STRIP = YES;
				GCC_PRECOMPILE_PREFIX_HEADER = YES;
				GCC_PREFIX_HEADER = JouzuGomoku_Prefix.pch;
				INFOPLIST_FILE = Info.plist;
				PRODUCT_NAME = JouzuGomoku;
			};
			name = Release;
		};
		C01FCF4F08A954540054247B /* Debug */ = {
			isa = XCBuildConfiguration;
			buildSettings = {
				ARCHS = "$(ARCHS_STANDARD_32_BIT)";
				"CODE_SIGN_IDENTITY[sdk=iphoneos*]" = "";
				GCC_C_LANGUAGE_STANDARD = c99;
				GCC_WARN_ABOUT_RETURN_TYPE = YES;
				GCC_WARN_UNUSED_VARIABLE = YES;
				ONLY_ACTIVE_ARCH = YES;
				OTHER_LDFLAGS = "-lncurses";
				PREBINDING = NO;
				SDKROOT = iphoneos2.1;
			};
			name = Debug;
		};
		C01FCF5008A954540054247B /* Release */ = {
			isa = XCBuildConfiguration;
			buildSettings = {
				ARCHS = "$(ARCHS_STANDARD_32_BIT)";
				"CODE_SIGN_IDENTITY[sdk=iphoneos*]" = "";
				GCC_C_LANGUAGE_STANDARD = c99;
				GCC_WARN_ABOUT_RETURN_TYPE = YES;
				GCC_WARN_UNUSED_VARIABLE = YES;
				PREBINDING = NO;
				SDKROOT = iphoneos2.1;
			};
			name = Release;
		};
/* End XCBuildConfiguration section */

/* Begin XCConfigurationList section */
		1D6058960D05DD3E006BFB54 /* Build configuration list for PBXNativeTarget "JouzuGomoku" */ = {
			isa = XCConfigurationList;
			buildConfigurations = (
				1D6058940D05DD3E006BFB54 /* Debug */,
				1D6058950D05DD3E006BFB54 /* Release */,
			);
			defaultConfigurationIsVisible = 0;
			defaultConfigurationName = Release;
		};
		C01FCF4E08A954540054247B /* Build configuration list for PBXProject "JouzuGomoku" */ = {
			isa = XCConfigurationList;
			buildConfigurations = (
				C01FCF4F08A954540054247B /* Debug */,
				C01FCF5008A954540054247B /* Release */,
			);
			defaultConfigurationIsVisible = 0;
			defaultConfigurationName = Release;
		};
/* End XCConfigurationList section */
	};
	rootObject = 29B97313FDCFA39411CA2CEA /* Project object */;
}
